{
  "requires": true,
  "lockfileVersion": 1,
  "dependencies": {
    "fsevents": {
      "version": "2.1.2",
      "resolved": "https://registry.npm.taobao.org/fsevents/download/fsevents-2.1.2.tgz?cache=0&sync_timestamp=1584609355366&other_urls=https%3A%2F%2Fregistry.npm.taobao.org%2Ffsevents%2Fdownload%2Ffsevents-2.1.2.tgz",
      "integrity": "sha1-TAofs0vGjlQ7S4Kp7Dkr+9qECAU=",
      "optional": true
    },
    "rollup": {
      "version": "2.3.2",
      "resolved": "https://registry.npm.taobao.org/rollup/download/rollup-2.3.2.tgz",
      "integrity": "sha1-r6aOTzMlvO9OFQ0IIFa+9FC8rGA=",
      "requires": {
        "fsevents": "2.1.2"
      }
    }
  }
}
